
Microsoft Visual Studio Solution File, Format Version 12.00
# Visual Studio Version 16
VisualStudioVersion = 25.0.1706.14
MinimumVisualStudioVersion = 10.0.40219.1
Project("{FAE04EC0-301F-11D3-BF4B-00C04F79EFBC}") = "SampleDevOpsApp", "SampleDevOpsApp.csproj", "{63000218-FC5C-4074-AAD4-0EAC17CD1511}"
EndProject
Global
	GlobalSection(SolutionConfigurationPlatforms) = preSolution
		Debug|Any CPU = Debug|Any CPU
		Release|Any CPU = Release|Any CPU
	EndGlobalSection
	GlobalSection(ProjectConfigurationPlatforms) = postSolution
		{63000218-FC5C-4074-AAD4-0EAC17CD1511}.Debug|Any CPU.ActiveCfg = Debug|Any CPU
		{63000218-FC5C-4074-AAD4-0EAC17CD1511}.Debug|Any CPU.Build.0 = Debug|Any CPU
		{63000218-FC5C-4074-AAD4-0EAC17CD1511}.Release|Any CPU.ActiveCfg = Release|Any CPU
		{63000218-FC5C-4074-AAD4-0EAC17CD1511}.Release|Any CPU.Build.0 = Release|Any CPU
	EndGlobalSection
	GlobalSection(SolutionProperties) = preSolution
		HideSolutionNode = FALSE
	EndGlobalSection
	GlobalSection(ExtensibilityGlobals) = postSolution
		SolutionGuid = {93BB0271-98CE-4BD0-836C-AD76B5730118}
	EndGlobalSection
EndGlobal
